skills:
  nuxtjs-seo-skilld:
    packageName: "@nuxtjs/seo"
    version: 5.3.6
    repo: harlan-zw/nuxt-seo
    source: "https://nuxtseo.com/llms.txt"
    syncedAt: 2026-07-23
    generator: skilld
  nuxt:
    repo: antfu/skills
    source: github
    syncedAt: 2026-07-23
    generator: external
    path: skills/nuxt
    ref: main
  nuxt-ui:
    repo: onmax/nuxt-skills
    source: github
    syncedAt: 2026-07-23
    generator: external
    path: skills/nuxt-ui
    ref: main
  nuxt-studio:
    repo: onmax/nuxt-skills
    source: github
    syncedAt: 2026-07-23
    generator: external
    path: skills/nuxt-studio
    ref: main
  nuxt-content:
    repo: onmax/nuxt-skills
    source: github
    syncedAt: 2026-07-23
    generator: external
    path: skills/nuxt-content
    ref: main
  motion:
    repo: onmax/nuxt-skills
    source: github
    syncedAt: 2026-07-23
    generator: external
    path: skills/motion
    ref: main
  document-writer:
    repo: onmax/nuxt-skills
    source: github
    syncedAt: 2026-07-23
    generator: external
    path: skills/document-writer
    ref: main
